
Microsoft Visual Studio Solution File, Format Version 12.00
# Visual Studio 2012
Project("{FAE04EC0-301F-11D3-BF4B-00C04F79EFBC}") = "HelloWorld", "HelloWorld\HelloWorld.csproj", "{BEAF15A5-ACE7-48BA-A1A6-549CECC5EFCE}"
EndProject
Global
	GlobalSection(SolutionConfigurationPlatforms) = preSolution
		Debug|Any CPU = Debug|Any CPU
		Release|Any CPU = Release|Any CPU
	EndGlobalSection
	GlobalSection(ProjectConfigurationPlatforms) = postSolution
		{BEAF15A5-ACE7-48BA-A1A6-549CECC5EFCE}.Debug|Any CPU.ActiveCfg = Debug|Any CPU
		{BEAF15A5-ACE7-48BA-A1A6-549CECC5EFCE}.Debug|Any CPU.Build.0 = Debug|Any CPU
		{BEAF15A5-ACE7-48BA-A1A6-549CECC5EFCE}.Release|Any CPU.ActiveCfg = Release|Any CPU
		{BEAF15A5-ACE7-48BA-A1A6-549CECC5EFCE}.Release|Any CPU.Build.0 = Release|Any CPU
	EndGlobalSection
	GlobalSection(SolutionProperties) = preSolution
		HideSolutionNode = FALSE
	EndGlobalSection
EndGlobal
